
Microsoft Visual Studio Solution File, Format Version 12.00
# Visual Studio Version 16
VisualStudioVersion = 16.0.28803.352
MinimumVisualStudioVersion = 10.0.40219.1
Project("{8BC9CEB8-8B4A-11D0-8D11-00A0C91BC942}") = "P1", "P1\P1.vcxproj", "{88ECC62A-6865-4117-9DA5-FAB01A251696}"
EndProject
Global
	GlobalSection(SolutionConfigurationPlatforms) = preSolution
		Debug|x64 = Debug|x64
		Debug|x86 = Debug|x86
		Release|x64 = Release|x64
		Release|x86 = Release|x86
	EndGlobalSection
	GlobalSection(ProjectConfigurationPlatforms) = postSolution
		{88ECC62A-6865-4117-9DA5-FAB01A251696}.Debug|x64.ActiveCfg = Debug|x64
		{88ECC62A-6865-4117-9DA5-FAB01A251696}.Debug|x64.Build.0 = Debug|x64
		{88ECC62A-6865-4117-9DA5-FAB01A251696}.Debug|x86.ActiveCfg = Debug|Win32
		{88ECC62A-6865-4117-9DA5-FAB01A251696}.Debug|x86.Build.0 = Debug|Win32
		{88ECC62A-6865-4117-9DA5-FAB01A251696}.Release|x64.ActiveCfg = Release|x64
		{88ECC62A-6865-4117-9DA5-FAB01A251696}.Release|x64.Build.0 = Release|x64
		{88ECC62A-6865-4117-9DA5-FAB01A251696}.Release|x86.ActiveCfg = Release|Win32
		{88ECC62A-6865-4117-9DA5-FAB01A251696}.Release|x86.Build.0 = Release|Win32
	EndGlobalSection
	GlobalSection(SolutionProperties) = preSolution
		HideSolutionNode = FALSE
	EndGlobalSection
	GlobalSection(ExtensibilityGlobals) = postSolution
		SolutionGuid = {8A144298-C67A-4157-90B3-E2F861D49136}
	EndGlobalSection
EndGlobal
